
Microsoft Visual Studio Solution File, Format Version 12.00
# Visual Studio Version 16
VisualStudioVersion = 16.0.30717.126
MinimumVisualStudioVersion = 10.0.40219.1
Project("{9A19103F-16F7-4668-BE54-9A1E7A4F7556}") = "ConquistadorAbsolutoWIP", "ConquistadorAbsolutoWIP\ConquistadorAbsolutoWIP.csproj", "{3256AB94-59ED-4828-A4A3-30C070381272}"
EndProject
Global
	GlobalSection(SolutionConfigurationPlatforms) = preSolution
		Debug|Any CPU = Debug|Any CPU
		Release|Any CPU = Release|Any CPU
	EndGlobalSection
	GlobalSection(ProjectConfigurationPlatforms) = postSolution
		{3256AB94-59ED-4828-A4A3-30C070381272}.Debug|Any CPU.ActiveCfg = Debug|Any CPU
		{3256AB94-59ED-4828-A4A3-30C070381272}.Debug|Any CPU.Build.0 = Debug|Any CPU
		{3256AB94-59ED-4828-A4A3-30C070381272}.Release|Any CPU.ActiveCfg = Release|Any CPU
		{3256AB94-59ED-4828-A4A3-30C070381272}.Release|Any CPU.Build.0 = Release|Any CPU
	EndGlobalSection
	GlobalSection(SolutionProperties) = preSolution
		HideSolutionNode = FALSE
	EndGlobalSection
	GlobalSection(ExtensibilityGlobals) = postSolution
		SolutionGuid = {396E0B26-4C42-42E1-86BD-AFE2A2CBAD13}
	EndGlobalSection
EndGlobal
